
Microsoft Visual Studio Solution File, Format Version 12.00
# Visual Studio Version 17
VisualStudioVersion = 17.8.34525.116
MinimumVisualStudioVersion = 10.0.40219.1
Project("{FAE04EC0-301F-11D3-BF4B-00C04F79EFBC}") = "04Datos", "04Datos\04Datos.csproj", "{44925C05-77CB-4F89-B27C-7D389778F712}"
EndProject
Global
	GlobalSection(SolutionConfigurationPlatforms) = preSolution
		Debug|Any CPU = Debug|Any CPU
		Release|Any CPU = Release|Any CPU
	EndGlobalSection
	GlobalSection(ProjectConfigurationPlatforms) = postSolution
		{44925C05-77CB-4F89-B27C-7D389778F712}.Debug|Any CPU.ActiveCfg = Debug|Any CPU
		{44925C05-77CB-4F89-B27C-7D389778F712}.Debug|Any CPU.Build.0 = Debug|Any CPU
		{44925C05-77CB-4F89-B27C-7D389778F712}.Release|Any CPU.ActiveCfg = Release|Any CPU
		{44925C05-77CB-4F89-B27C-7D389778F712}.Release|Any CPU.Build.0 = Release|Any CPU
	EndGlobalSection
	GlobalSection(SolutionProperties) = preSolution
		HideSolutionNode = FALSE
	EndGlobalSection
	GlobalSection(ExtensibilityGlobals) = postSolution
		SolutionGuid = {9C47922B-4718-4D0D-AA51-290630051F38}
	EndGlobalSection
EndGlobal
